// !$*UTF8*$!
{
	archiveVersion = 1;
	classes = {
	};
	objectVersion = 56;
	objects = {

/* Begin PBXBuildFile section */
		7F2EB11F29B0A876009EE31C /* CreateView.swift in Sources */ = {isa = PBXBuildFile; fileRef = 7F2EB11E29B0A876009EE31C /* CreateView.swift */; };
		7F2EB12229B0B684009EE31C /* NerworkingManager.swift in Sources */ = {isa = PBXBuildFile; fileRef = 7F2EB12129B0B684009EE31C /* NerworkingManager.swift */; };
		7F54ED5629A8CDAA0053AD1B /* TundsdevTakeHomeApp.swift in Sources */ = {isa = PBXBuildFile; fileRef = 7F54ED5529A8CDAA0053AD1B /* TundsdevTakeHomeApp.swift */; };
		7F54ED5A29A8CDAB0053AD1B /* Assets.xcassets in Resources */ = {isa = PBXBuildFile; fileRef = 7F54ED5929A8CDAB0053AD1B /* Assets.xcassets */; };
		7F54ED5D29A8CDAB0053AD1B /* Preview Assets.xcassets in Resources */ = {isa = PBXBuildFile; fileRef = 7F54ED5C29A8CDAB0053AD1B /* Preview Assets.xcassets */; };
		7F54ED6529A8CF7B0053AD1B /* Symbols.swift in Sources */ = {isa = PBXBuildFile; fileRef = 7F54ED6429A8CF7B0053AD1B /* Symbols.swift */; };
		7F54ED6729A8D1ED0053AD1B /* Theme.swift in Sources */ = {isa = PBXBuildFile; fileRef = 7F54ED6629A8D1ED0053AD1B /* Theme.swift */; };
		7F54ED8529A905640053AD1B /* UsersStaticData.json in Resources */ = {isa = PBXBuildFile; fileRef = 7F54ED8429A905640053AD1B /* UsersStaticData.json */; };
		7F54ED8729A907630053AD1B /* SingleUserData.json in Resources */ = {isa = PBXBuildFile; fileRef = 7F54ED8629A907630053AD1B /* SingleUserData.json */; };
		7F54ED8929A9086A0053AD1B /* UserDetailResponse.swift in Sources */ = {isa = PBXBuildFile; fileRef = 7F54ED8829A9086A0053AD1B /* UserDetailResponse.swift */; };
		7F54ED8B29A908CD0053AD1B /* UsersResponse.swift in Sources */ = {isa = PBXBuildFile; fileRef = 7F54ED8A29A908CD0053AD1B /* UsersResponse.swift */; };
		7F54ED8F29A909FC0053AD1B /* Models.swift in Sources */ = {isa = PBXBuildFile; fileRef = 7F54ED8E29A909FC0053AD1B /* Models.swift */; };
		7F54ED9229A90A630053AD1B /* StaticJSONMapper.swift in Sources */ = {isa = PBXBuildFile; fileRef = 7F54ED9129A90A630053AD1B /* StaticJSONMapper.swift */; };
		7F570C4F29AFC2D700CB0650 /* DetailView.swift in Sources */ = {isa = PBXBuildFile; fileRef = 7F570C4E29AFC2D700CB0650 /* DetailView.swift */; };
		7F57BD8129B4A00E0052877C /* PeopleViewModel.swift in Sources */ = {isa = PBXBuildFile; fileRef = 7F57BD8029B4A00E0052877C /* PeopleViewModel.swift */; };
		7F57BD8329B4AE7C0052877C /* DetailViewModel.swift in Sources */ = {isa = PBXBuildFile; fileRef = 7F57BD8229B4AE7C0052877C /* DetailViewModel.swift */; };
		7F57BD8529B4BC6D0052877C /* NewPerson.swift in Sources */ = {isa = PBXBuildFile; fileRef = 7F57BD8429B4BC6D0052877C /* NewPerson.swift */; };
		7F57BD8729B4BD0C0052877C /* CreateViewModel.swift in Sources */ = {isa = PBXBuildFile; fileRef = 7F57BD8629B4BD0C0052877C /* CreateViewModel.swift */; };
		7FDC96DF29A93BB000ED21FA /* PeopleView.swift in Sources */ = {isa = PBXBuildFile; fileRef = 7FDC96DE29A93BB000ED21FA /* PeopleView.swift */; };
		7FDC96E129A94A6400ED21FA /* PersonItemView.swift in Sources */ = {isa = PBXBuildFile; fileRef = 7FDC96E029A94A6400ED21FA /* PersonItemView.swift */; };
		7FDC96E429A94B6D00ED21FA /* PillView.swift in Sources */ = {isa = PBXBuildFile; fileRef = 7FDC96E329A94B6D00ED21FA /* PillView.swift */; };
/* End PBXBuildFile section */

/* Begin PBXFileReference section */
		7F2EB11E29B0A876009EE31C /* CreateView.swift */ = {isa = PBXFileReference; lastKnownFileType = sourcecode.swift; path = CreateView.swift; sourceTree = "<group>"; };
		7F2EB12129B0B684009EE31C /* NerworkingManager.swift */ = {isa = PBXFileReference; lastKnownFileType = sourcecode.swift; path = NerworkingManager.swift; sourceTree = "<group>"; };
		7F54ED5229A8CDAA0053AD1B /* TundsdevTakeHome.app */ = {isa = PBXFileReference; explicitFileType = wrapper.application; includeInIndex = 0; path = TundsdevTakeHome.app; sourceTree = BUILT_PRODUCTS_DIR; };
		7F54ED5529A8CDAA0053AD1B /* TundsdevTakeHomeApp.swift */ = {isa = PBXFileReference; lastKnownFileType = sourcecode.swift; path = TundsdevTakeHomeApp.swift; sourceTree = "<group>"; };
		7F54ED5929A8CDAB0053AD1B /* Assets.xcassets */ = {isa = PBXFileReference; lastKnownFileType = folder.assetcatalog; path = Assets.xcassets; sourceTree = "<group>"; };
		7F54ED5C29A8CDAB0053AD1B /* Preview Assets.xcassets */ = {isa = PBXFileReference; lastKnownFileType = folder.assetcatalog; path = "Preview Assets.xcassets"; sourceTree = "<group>"; };
		7F54ED6429A8CF7B0053AD1B /* Symbols.swift */ = {isa = PBXFileReference; lastKnownFileType = sourcecode.swift; path = Symbols.swift; sourceTree = "<group>"; };
		7F54ED6629A8D1ED0053AD1B /* Theme.swift */ = {isa = PBXFileReference; lastKnownFileType = sourcecode.swift; path = Theme.swift; sourceTree = "<group>"; };
		7F54ED8229A8D96F0053AD1B /* Info.plist */ = {isa = PBXFileReference; lastKnownFileType = text.plist; path = Info.plist; sourceTree = "<group>"; };
		7F54ED8429A905640053AD1B /* UsersStaticData.json */ = {isa = PBXFileReference; lastKnownFileType = text.json; path = UsersStaticData.json; sourceTree = "<group>"; };
		7F54ED8629A907630053AD1B /* SingleUserData.json */ = {isa = PBXFileReference; lastKnownFileType = text.json; path = SingleUserData.json; sourceTree = "<group>"; };
		7F54ED8829A9086A0053AD1B /* UserDetailResponse.swift */ = {isa = PBXFileReference; lastKnownFileType = sourcecode.swift; path = UserDetailResponse.swift; sourceTree = "<group>"; };
		7F54ED8A29A908CD0053AD1B /* UsersResponse.swift */ = {isa = PBXFileReference; lastKnownFileType = sourcecode.swift; path = UsersResponse.swift; sourceTree = "<group>"; };
		7F54ED8E29A909FC0053AD1B /* Models.swift */ = {isa = PBXFileReference; lastKnownFileType = sourcecode.swift; path = Models.swift; sourceTree = "<group>"; };
		7F54ED9129A90A630053AD1B /* StaticJSONMapper.swift */ = {isa = PBXFileReference; lastKnownFileType = sourcecode.swift; path = StaticJSONMapper.swift; sourceTree = "<group>"; };
		7F570C4E29AFC2D700CB0650 /* DetailView.swift */ = {isa = PBXFileReference; lastKnownFileType = sourcecode.swift; path = DetailView.swift; sourceTree = "<group>"; };
		7F57BD8029B4A00E0052877C /* PeopleViewModel.swift */ = {isa = PBXFileReference; lastKnownFileType = sourcecode.swift; path = PeopleViewModel.swift; sourceTree = "<group>"; };
		7F57BD8229B4AE7C0052877C /* DetailViewModel.swift */ = {isa = PBXFileReference; lastKnownFileType = sourcecode.swift; path = DetailViewModel.swift; sourceTree = "<group>"; };
		7F57BD8429B4BC6D0052877C /* NewPerson.swift */ = {isa = PBXFileReference; lastKnownFileType = sourcecode.swift; path = NewPerson.swift; sourceTree = "<group>"; };
		7F57BD8629B4BD0C0052877C /* CreateViewModel.swift */ = {isa = PBXFileReference; lastKnownFileType = sourcecode.swift; path = CreateViewModel.swift; sourceTree = "<group>"; };
		7FDC96DE29A93BB000ED21FA /* PeopleView.swift */ = {isa = PBXFileReference; lastKnownFileType = sourcecode.swift; path = PeopleView.swift; sourceTree = "<group>"; };
		7FDC96E029A94A6400ED21FA /* PersonItemView.swift */ = {isa = PBXFileReference; lastKnownFileType = sourcecode.swift; path = PersonItemView.swift; sourceTree = "<group>"; };
		7FDC96E329A94B6D00ED21FA /* PillView.swift */ = {isa = PBXFileReference; lastKnownFileType = sourcecode.swift; path = PillView.swift; sourceTree = "<group>"; };
/* End PBXFileReference section */

/* Begin PBXFrameworksBuildPhase section */
		7F54ED4F29A8CDAA0053AD1B /* Frameworks */ = {
			isa = PBXFrameworksBuildPhase;
			buildActionMask = 2147483647;
			files = (
			);
			runOnlyForDeploymentPostprocessing = 0;
		};
/* End PBXFrameworksBuildPhase section */

/* Begin PBXGroup section */
		7F2EB12029B0B1D1009EE31C /* API */ = {
			isa = PBXGroup;
			children = (
				7F2EB12129B0B684009EE31C /* NerworkingManager.swift */,
			);
			path = API;
			sourceTree = "<group>";
		};
		7F54ED4929A8CDAA0053AD1B = {
			isa = PBXGroup;
			children = (
				7F54ED5429A8CDAA0053AD1B /* TundsdevTakeHome */,
				7F54ED5329A8CDAA0053AD1B /* Products */,
			);
			sourceTree = "<group>";
		};
		7F54ED5329A8CDAA0053AD1B /* Products */ = {
			isa = PBXGroup;
			children = (
				7F54ED5229A8CDAA0053AD1B /* TundsdevTakeHome.app */,
			);
			name = Products;
			sourceTree = "<group>";
		};
		7F54ED5429A8CDAA0053AD1B /* TundsdevTakeHome */ = {
			isa = PBXGroup;
			children = (
				7F54ED8229A8D96F0053AD1B /* Info.plist */,
				7F54ED6D29A8D5BD0053AD1B /* Settings */,
				7F54ED6929A8D5860053AD1B /* Features */,
				7F54ED6829A8D5810053AD1B /* Base */,
				7F54ED6329A8CDBD0053AD1B /* Resources */,
				7F54ED5529A8CDAA0053AD1B /* TundsdevTakeHomeApp.swift */,
				7F54ED5929A8CDAB0053AD1B /* Assets.xcassets */,
				7F54ED5B29A8CDAB0053AD1B /* Preview Content */,
			);
			path = TundsdevTakeHome;
			sourceTree = "<group>";
		};
		7F54ED5B29A8CDAB0053AD1B /* Preview Content */ = {
			isa = PBXGroup;
			children = (
				7F54ED5C29A8CDAB0053AD1B /* Preview Assets.xcassets */,
			);
			path = "Preview Content";
			sourceTree = "<group>";
		};
		7F54ED6329A8CDBD0053AD1B /* Resources */ = {
			isa = PBXGroup;
			children = (
				7F54ED8329A905150053AD1B /* JSON */,
				7F54ED6429A8CF7B0053AD1B /* Symbols.swift */,
				7F54ED6629A8D1ED0053AD1B /* Theme.swift */,
			);
			path = Resources;
			sourceTree = "<group>";
		};
		7F54ED6829A8D5810053AD1B /* Base */ = {
			isa = PBXGroup;
			children = (
				7F2EB12029B0B1D1009EE31C /* API */,
				7FDC96E229A94B4E00ED21FA /* Views */,
				7F54ED9029A90A480053AD1B /* Mapper */,
				7F54ED8D29A909EF0053AD1B /* Model */,
			);
			path = Base;
			sourceTree = "<group>";
		};
		7F54ED6929A8D5860053AD1B /* Features */ = {
			isa = PBXGroup;
			children = (
				7F54ED6E29A8D6210053AD1B /* Settings */,
				7F54ED6C29A8D5AE0053AD1B /* Detail */,
				7F54ED6B29A8D5A10053AD1B /* Create */,
				7F54ED6A29A8D5950053AD1B /* People */,
			);
			path = Features;
			sourceTree = "<group>";
		};
		7F54ED6A29A8D5950053AD1B /* People */ = {
			isa = PBXGroup;
			children = (
				7F54ED7C29A8D67D0053AD1B /* View Models */,
				7F54ED7B29A8D67A0053AD1B /* Views */,
				7F54ED7129A8D6370053AD1B /* Model */,
			);
			path = People;
			sourceTree = "<group>";
		};
		7F54ED6B29A8D5A10053AD1B /* Create */ = {
			isa = PBXGroup;
			children = (
				7F54ED7E29A8D6870053AD1B /* View Models */,
				7F54ED7D29A8D6810053AD1B /* Views  */,
				7F54ED7429A8D6430053AD1B /* Model */,
			);
			path = Create;
			sourceTree = "<group>";
		};
		7F54ED6C29A8D5AE0053AD1B /* Detail */ = {
			isa = PBXGroup;
			children = (
				7F54ED8029A8D6910053AD1B /* View Models */,
				7F54ED7F29A8D68C0053AD1B /* Views */,
				7F54ED7929A8D65D0053AD1B /* Model */,
			);
			path = Detail;
			sourceTree = "<group>";
		};
		7F54ED6D29A8D5BD0053AD1B /* Settings */ = {
			isa = PBXGroup;
			children = (
			);
			path = Settings;
			sourceTree = "<group>";
		};
		7F54ED6E29A8D6210053AD1B /* Settings */ = {
			isa = PBXGroup;
			children = (
				7F54ED8129A8D6970053AD1B /* Views */,
			);
			path = Settings;
			sourceTree = "<group>";
		};
		7F54ED7129A8D6370053AD1B /* Model */ = {
			isa = PBXGroup;
			children = (
				7F54ED8A29A908CD0053AD1B /* UsersResponse.swift */,
			);
			path = Model;
			sourceTree = "<group>";
		};
		7F54ED7429A8D6430053AD1B /* Model */ = {
			isa = PBXGroup;
			children = (
				7F57BD8429B4BC6D0052877C /* NewPerson.swift */,
			);
			path = Model;
			sourceTree = "<group>";
		};
		7F54ED7929A8D65D0053AD1B /* Model */ = {
			isa = PBXGroup;
			children = (
				7F54ED8829A9086A0053AD1B /* UserDetailResponse.swift */,
			);
			path = Model;
			sourceTree = "<group>";
		};
		7F54ED7B29A8D67A0053AD1B /* Views */ = {
			isa = PBXGroup;
			children = (
				7FDC96DE29A93BB000ED21FA /* PeopleView.swift */,
				7FDC96E029A94A6400ED21FA /* PersonItemView.swift */,
			);
			path = Views;
			sourceTree = "<group>";
		};
		7F54ED7C29A8D67D0053AD1B /* View Models */ = {
			isa = PBXGroup;
			children = (
				7F57BD8029B4A00E0052877C /* PeopleViewModel.swift */,
			);
			path = "View Models";
			sourceTree = "<group>";
		};
		7F54ED7D29A8D6810053AD1B /* Views  */ = {
			isa = PBXGroup;
			children = (
				7F2EB11E29B0A876009EE31C /* CreateView.swift */,
			);
			path = "Views ";
			sourceTree = "<group>";
		};
		7F54ED7E29A8D6870053AD1B /* View Models */ = {
			isa = PBXGroup;
			children = (
				7F57BD8629B4BD0C0052877C /* CreateViewModel.swift */,
			);
			path = "View Models";
			sourceTree = "<group>";
		};
		7F54ED7F29A8D68C0053AD1B /* Views */ = {
			isa = PBXGroup;
			children = (
				7F570C4E29AFC2D700CB0650 /* DetailView.swift */,
			);
			path = Views;
			sourceTree = "<group>";
		};
		7F54ED8029A8D6910053AD1B /* View Models */ = {
			isa = PBXGroup;
			children = (
				7F57BD8229B4AE7C0052877C /* DetailViewModel.swift */,
			);
			path = "View Models";
			sourceTree = "<group>";
		};
		7F54ED8129A8D6970053AD1B /* Views */ = {
			isa = PBXGroup;
			children = (
			);
			path = Views;
			sourceTree = "<group>";
		};
		7F54ED8329A905150053AD1B /* JSON */ = {
			isa = PBXGroup;
			children = (
				7F54ED8429A905640053AD1B /* UsersStaticData.json */,
				7F54ED8629A907630053AD1B /* SingleUserData.json */,
			);
			path = JSON;
			sourceTree = "<group>";
		};
		7F54ED8D29A909EF0053AD1B /* Model */ = {
			isa = PBXGroup;
			children = (
				7F54ED8E29A909FC0053AD1B /* Models.swift */,
			);
			path = Model;
			sourceTree = "<group>";
		};
		7F54ED9029A90A480053AD1B /* Mapper */ = {
			isa = PBXGroup;
			children = (
				7F54ED9129A90A630053AD1B /* StaticJSONMapper.swift */,
			);
			path = Mapper;
			sourceTree = "<group>";
		};
		7FDC96E229A94B4E00ED21FA /* Views */ = {
			isa = PBXGroup;
			children = (
				7FDC96E329A94B6D00ED21FA /* PillView.swift */,
			);
			path = Views;
			sourceTree = "<group>";
		};
/* End PBXGroup section */

/* Begin PBXNativeTarget section */
		7F54ED5129A8CDAA0053AD1B /* TundsdevTakeHome */ = {
			isa = PBXNativeTarget;
			buildConfigurationList = 7F54ED6029A8CDAB0053AD1B /* Build configuration list for PBXNativeTarget "TundsdevTakeHome" */;
			buildPhases = (
				7F54ED4E29A8CDAA0053AD1B /* Sources */,
				7F54ED4F29A8CDAA0053AD1B /* Frameworks */,
				7F54ED5029A8CDAA0053AD1B /* Resources */,
			);
			buildRules = (
			);
			dependencies = (
			);
			name = TundsdevTakeHome;
			productName = TundsdevTakeHome;
			productReference = 7F54ED5229A8CDAA0053AD1B /* TundsdevTakeHome.app */;
			productType = "com.apple.product-type.application";
		};
/* End PBXNativeTarget section */

/* Begin PBXProject section */
		7F54ED4A29A8CDAA0053AD1B /* Project object */ = {
			isa = PBXProject;
			attributes = {
				BuildIndependentTargetsInParallel = 1;
				LastSwiftUpdateCheck = 1410;
				LastUpgradeCheck = 1410;
				TargetAttributes = {
					7F54ED5129A8CDAA0053AD1B = {
						CreatedOnToolsVersion = 14.1;
					};
				};
			};
			buildConfigurationList = 7F54ED4D29A8CDAA0053AD1B /* Build configuration list for PBXProject "TundsdevTakeHome" */;
			compatibilityVersion = "Xcode 14.0";
			developmentRegion = en;
			hasScannedForEncodings = 0;
			knownRegions = (
				en,
				Base,
			);
			mainGroup = 7F54ED4929A8CDAA0053AD1B;
			productRefGroup = 7F54ED5329A8CDAA0053AD1B /* Products */;
			projectDirPath = "";
			projectRoot = "";
			targets = (
				7F54ED5129A8CDAA0053AD1B /* TundsdevTakeHome */,
			);
		};
/* End PBXProject section */

/* Begin PBXResourcesBuildPhase section */
		7F54ED5029A8CDAA0053AD1B /* Resources */ = {
			isa = PBXResourcesBuildPhase;
			buildActionMask = 2147483647;
			files = (
				7F54ED5D29A8CDAB0053AD1B /* Preview Assets.xcassets in Resources */,
				7F54ED5A29A8CDAB0053AD1B /* Assets.xcassets in Resources */,
				7F54ED8729A907630053AD1B /* SingleUserData.json in Resources */,
				7F54ED8529A905640053AD1B /* UsersStaticData.json in Resources */,
			);
			runOnlyForDeploymentPostprocessing = 0;
		};
/* End PBXResourcesBuildPhase section */

/* Begin PBXSourcesBuildPhase section */
		7F54ED4E29A8CDAA0053AD1B /* Sources */ = {
			isa = PBXSourcesBuildPhase;
			buildActionMask = 2147483647;
			files = (
				7F54ED9229A90A630053AD1B /* StaticJSONMapper.swift in Sources */,
				7FDC96E429A94B6D00ED21FA /* PillView.swift in Sources */,
				7F54ED6529A8CF7B0053AD1B /* Symbols.swift in Sources */,
				7F57BD8729B4BD0C0052877C /* CreateViewModel.swift in Sources */,
				7FDC96DF29A93BB000ED21FA /* PeopleView.swift in Sources */,
				7F54ED6729A8D1ED0053AD1B /* Theme.swift in Sources */,
				7F570C4F29AFC2D700CB0650 /* DetailView.swift in Sources */,
				7F54ED8929A9086A0053AD1B /* UserDetailResponse.swift in Sources */,
				7F54ED5629A8CDAA0053AD1B /* TundsdevTakeHomeApp.swift in Sources */,
				7F54ED8B29A908CD0053AD1B /* UsersResponse.swift in Sources */,
				7FDC96E129A94A6400ED21FA /* PersonItemView.swift in Sources */,
				7F2EB11F29B0A876009EE31C /* CreateView.swift in Sources */,
				7F57BD8529B4BC6D0052877C /* NewPerson.swift in Sources */,
				7F57BD8129B4A00E0052877C /* PeopleViewModel.swift in Sources */,
				7F54ED8F29A909FC0053AD1B /* Models.swift in Sources */,
				7F57BD8329B4AE7C0052877C /* DetailViewModel.swift in Sources */,
				7F2EB12229B0B684009EE31C /* NerworkingManager.swift in Sources */,
			);
			runOnlyForDeploymentPostprocessing = 0;
		};
/* End PBXSourcesBuildPhase section */

/* Begin XCBuildConfiguration section */
		7F54ED5E29A8CDAB0053AD1B /* Debug */ = {
			isa = XCBuildConfiguration;
			buildSettings = {
				ALWAYS_SEARCH_USER_PATHS = NO;
				CLANG_ANALYZER_NONNULL = YES;
				CLANG_ANALYZER_NUMBER_OBJECT_CONVERSION = YES_AGGRESSIVE;
				CLANG_CXX_LANGUAGE_STANDARD = "gnu++20";
				CLANG_ENABLE_MODULES = YES;
				CLANG_ENABLE_OBJC_ARC = YES;
				CLANG_ENABLE_OBJC_WEAK = YES;
				CLANG_WARN_BLOCK_CAPTURE_AUTORELEASING = YES;
				CLANG_WARN_BOOL_CONVERSION = YES;
				CLANG_WARN_COMMA = YES;
				CLANG_WARN_CONSTANT_CONVERSION = YES;
				CLANG_WARN_DEPRECATED_OBJC_IMPLEMENTATIONS = YES;
				CLANG_WARN_DIRECT_OBJC_ISA_USAGE = YES_ERROR;
				CLANG_WARN_DOCUMENTATION_COMMENTS = YES;
				CLANG_WARN_EMPTY_BODY = YES;
				CLANG_WARN_ENUM_CONVERSION = YES;
				CLANG_WARN_INFINITE_RECURSION = YES;
				CLANG_WARN_INT_CONVERSION = YES;
				CLANG_WARN_NON_LITERAL_NULL_CONVERSION = YES;
				CLANG_WARN_OBJC_IMPLICIT_RETAIN_SELF = YES;
				CLANG_WARN_OBJC_LITERAL_CONVERSION = YES;
				CLANG_WARN_OBJC_ROOT_CLASS = YES_ERROR;
				CLANG_WARN_QUOTED_INCLUDE_IN_FRAMEWORK_HEADER = YES;
				CLANG_WARN_RANGE_LOOP_ANALYSIS = YES;
				CLANG_WARN_STRICT_PROTOTYPES = YES;
				CLANG_WARN_SUSPICIOUS_MOVE = YES;
				CLANG_WARN_UNGUARDED_AVAILABILITY = YES_AGGRESSIVE;
				CLANG_WARN_UNREACHABLE_CODE = YES;
				CLANG_WARN__DUPLICATE_METHOD_MATCH = YES;
				COPY_PHASE_STRIP = NO;
				DEBUG_INFORMATION_FORMAT = dwarf;
				ENABLE_STRICT_OBJC_MSGSEND = YES;
				ENABLE_TESTABILITY = YES;
				GCC_C_LANGUAGE_STANDARD = gnu11;
				GCC_DYNAMIC_NO_PIC = NO;
				GCC_NO_COMMON_BLOCKS = YES;
				GCC_OPTIMIZATION_LEVEL = 0;
				GCC_PREPROCESSOR_DEFINITIONS = (
					"DEBUG=1",
					"$(inherited)",
				);
				GCC_WARN_64_TO_32_BIT_CONVERSION = YES;
				GCC_WARN_ABOUT_RETURN_TYPE = YES_ERROR;
				GCC_WARN_UNDECLARED_SELECTOR = YES;
				GCC_WARN_UNINITIALIZED_AUTOS = YES_AGGRESSIVE;
				GCC_WARN_UNUSED_FUNCTION = YES;
				GCC_WARN_UNUSED_VARIABLE = YES;
				IPHONEOS_DEPLOYMENT_TARGET = 16.1;
				MTL_ENABLE_DEBUG_INFO = INCLUDE_SOURCE;
				MTL_FAST_MATH = YES;
				ONLY_ACTIVE_ARCH = YES;
				SDKROOT = iphoneos;
				SWIFT_ACTIVE_COMPILATION_CONDITIONS = DEBUG;
				SWIFT_OPTIMIZATION_LEVEL = "-Onone";
			};
			name = Debug;
		};
		7F54ED5F29A8CDAB0053AD1B /* Release */ = {
			isa = XCBuildConfiguration;
			buildSettings = {
				ALWAYS_SEARCH_USER_PATHS = NO;
				CLANG_ANALYZER_NONNULL = YES;
				CLANG_ANALYZER_NUMBER_OBJECT_CONVERSION = YES_AGGRESSIVE;
				CLANG_CXX_LANGUAGE_STANDARD = "gnu++20";
				CLANG_ENABLE_MODULES = YES;
				CLANG_ENABLE_OBJC_ARC = YES;
				CLANG_ENABLE_OBJC_WEAK = YES;
				CLANG_WARN_BLOCK_CAPTURE_AUTORELEASING = YES;
				CLANG_WARN_BOOL_CONVERSION = YES;
				CLANG_WARN_COMMA = YES;
				CLANG_WARN_CONSTANT_CONVERSION = YES;
				CLANG_WARN_DEPRECATED_OBJC_IMPLEMENTATIONS = YES;
				CLANG_WARN_DIRECT_OBJC_ISA_USAGE = YES_ERROR;
				CLANG_WARN_DOCUMENTATION_COMMENTS = YES;
				CLANG_WARN_EMPTY_BODY = YES;
				CLANG_WARN_ENUM_CONVERSION = YES;
				CLANG_WARN_INFINITE_RECURSION = YES;
				CLANG_WARN_INT_CONVERSION = YES;
				CLANG_WARN_NON_LITERAL_NULL_CONVERSION = YES;
				CLANG_WARN_OBJC_IMPLICIT_RETAIN_SELF = YES;
				CLANG_WARN_OBJC_LITERAL_CONVERSION = YES;
				CLANG_WARN_OBJC_ROOT_CLASS = YES_ERROR;
				CLANG_WARN_QUOTED_INCLUDE_IN_FRAMEWORK_HEADER = YES;
				CLANG_WARN_RANGE_LOOP_ANALYSIS = YES;
				CLANG_WARN_STRICT_PROTOTYPES = YES;
				CLANG_WARN_SUSPICIOUS_MOVE = YES;
				CLANG_WARN_UNGUARDED_AVAILABILITY = YES_AGGRESSIVE;
				CLANG_WARN_UNREACHABLE_CODE = YES;
				CLANG_WARN__DUPLICATE_METHOD_MATCH = YES;
				COPY_PHASE_STRIP = NO;
				DEBUG_INFORMATION_FORMAT = "dwarf-with-dsym";
				ENABLE_NS_ASSERTIONS = NO;
				ENABLE_STRICT_OBJC_MSGSEND = YES;
				GCC_C_LANGUAGE_STANDARD = gnu11;
				GCC_NO_COMMON_BLOCKS = YES;
				GCC_WARN_64_TO_32_BIT_CONVERSION = YES;
				GCC_WARN_ABOUT_RETURN_TYPE = YES_ERROR;
				GCC_WARN_UNDECLARED_SELECTOR = YES;
				GCC_WARN_UNINITIALIZED_AUTOS = YES_AGGRESSIVE;
				GCC_WARN_UNUSED_FUNCTION = YES;
				GCC_WARN_UNUSED_VARIABLE = YES;
				IPHONEOS_DEPLOYMENT_TARGET = 16.1;
				MTL_ENABLE_DEBUG_INFO = NO;
				MTL_FAST_MATH = YES;
				SDKROOT = iphoneos;
				SWIFT_COMPILATION_MODE = wholemodule;
				SWIFT_OPTIMIZATION_LEVEL = "-O";
				VALIDATE_PRODUCT = YES;
			};
			name = Release;
		};
		7F54ED6129A8CDAB0053AD1B /* Debug */ = {
			isa = XCBuildConfiguration;
			buildSettings = {
				ASSETCATALOG_COMPILER_APPICON_NAME = AppIcon;
				ASSETCATALOG_COMPILER_GLOBAL_ACCENT_COLOR_NAME = AccentColor;
				CODE_SIGN_STYLE = Automatic;
				CURRENT_PROJECT_VERSION = 1;
				DEVELOPMENT_ASSET_PATHS = "\"TundsdevTakeHome/Preview Content\"";
				DEVELOPMENT_TEAM = N6G956TN9K;
				ENABLE_PREVIEWS = YES;
				GENERATE_INFOPLIST_FILE = YES;
				INFOPLIST_FILE = TundsdevTakeHome/Info.plist;
				INFOPLIST_KEY_UIApplicationSceneManifest_Generation = YES;
				INFOPLIST_KEY_UIApplicationSupportsIndirectInputEvents = YES;
				INFOPLIST_KEY_UISupportedInterfaceOrientations_iPad = "UIInterfaceOrientationPortrait UIInterfaceOrientationPortraitUpsideDown UIInterfaceOrientationLandscapeLeft UIInterfaceOrientationLandscapeRight";
				INFOPLIST_KEY_UISupportedInterfaceOrientations_iPhone = "UIInterfaceOrientationPortrait UIInterfaceOrientationLandscapeLeft UIInterfaceOrientationLandscapeRight";
				LD_RUNPATH_SEARCH_PATHS = (
					"$(inherited)",
					"@executable_path/Frameworks",
				);
				MARKETING_VERSION = 1.0;
				PRODUCT_BUNDLE_IDENTIFIER = b2200356001.TundsdevTakeHome;
				PRODUCT_NAME = "$(TARGET_NAME)";
				SWIFT_EMIT_LOC_STRINGS = YES;
				SWIFT_VERSION = 5.0;
				TARGETED_DEVICE_FAMILY = "1,2";
			};
			name = Debug;
		};
		7F54ED6229A8CDAB0053AD1B /* Release */ = {
			isa = XCBuildConfiguration;
			buildSettings = {
				ASSETCATALOG_COMPILER_APPICON_NAME = AppIcon;
				ASSETCATALOG_COMPILER_GLOBAL_ACCENT_COLOR_NAME = AccentColor;
				CODE_SIGN_STYLE = Automatic;
				CURRENT_PROJECT_VERSION = 1;
				DEVELOPMENT_ASSET_PATHS = "\"TundsdevTakeHome/Preview Content\"";
				DEVELOPMENT_TEAM = N6G956TN9K;
				ENABLE_PREVIEWS = YES;
				GENERATE_INFOPLIST_FILE = YES;
				INFOPLIST_FILE = TundsdevTakeHome/Info.plist;
				INFOPLIST_KEY_UIApplicationSceneManifest_Generation = YES;
				INFOPLIST_KEY_UIApplicationSupportsIndirectInputEvents = YES;
				INFOPLIST_KEY_UISupportedInterfaceOrientations_iPad = "UIInterfaceOrientationPortrait UIInterfaceOrientationPortraitUpsideDown UIInterfaceOrientationLandscapeLeft UIInterfaceOrientationLandscapeRight";
				INFOPLIST_KEY_UISupportedInterfaceOrientations_iPhone = "UIInterfaceOrientationPortrait UIInterfaceOrientationLandscapeLeft UIInterfaceOrientationLandscapeRight";
				LD_RUNPATH_SEARCH_PATHS = (
					"$(inherited)",
					"@executable_path/Frameworks",
				);
				MARKETING_VERSION = 1.0;
				PRODUCT_BUNDLE_IDENTIFIER = b2200356001.TundsdevTakeHome;
				PRODUCT_NAME = "$(TARGET_NAME)";
				SWIFT_EMIT_LOC_STRINGS = YES;
				SWIFT_VERSION = 5.0;
				TARGETED_DEVICE_FAMILY = "1,2";
			};
			name = Release;
		};
/* End XCBuildConfiguration section */

/* Begin XCConfigurationList section */
		7F54ED4D29A8CDAA0053AD1B /* Build configuration list for PBXProject "TundsdevTakeHome" */ = {
			isa = XCConfigurationList;
			buildConfigurations = (
				7F54ED5E29A8CDAB0053AD1B /* Debug */,
				7F54ED5F29A8CDAB0053AD1B /* Release */,
			);
			defaultConfigurationIsVisible = 0;
			defaultConfigurationName = Release;
		};
		7F54ED6029A8CDAB0053AD1B /* Build configuration list for PBXNativeTarget "TundsdevTakeHome" */ = {
			isa = XCConfigurationList;
			buildConfigurations = (
				7F54ED6129A8CDAB0053AD1B /* Debug */,
				7F54ED6229A8CDAB0053AD1B /* Release */,
			);
			defaultConfigurationIsVisible = 0;
			defaultConfigurationName = Release;
		};
/* End XCConfigurationList section */
	};
	rootObject = 7F54ED4A29A8CDAA0053AD1B /* Project object */;
}
